// !$*UTF8*$!
{
	archiveVersion = 1;
	classes = {
	};
	objectVersion = 56;
	objects = {

/* Begin PBXBuildFile section */
		799E4D042BCC91E5008FAC7A /* MedbookApp.swift in Sources */ = {isa = PBXBuildFile; fileRef = 799E4D032BCC91E5008FAC7A /* MedbookApp.swift */; };
		799E4D062BCC91E5008FAC7A /* ContentView.swift in Sources */ = {isa = PBXBuildFile; fileRef = 799E4D052BCC91E5008FAC7A /* ContentView.swift */; };
		799E4D082BCC91E5008FAC7A /* DataModels.swift in Sources */ = {isa = PBXBuildFile; fileRef = 799E4D072BCC91E5008FAC7A /* DataModels.swift */; };
		799E4D0A2BCC91E6008FAC7A /* Assets.xcassets in Resources */ = {isa = PBXBuildFile; fileRef = 799E4D092BCC91E6008FAC7A /* Assets.xcassets */; };
		799E4D0D2BCC91E6008FAC7A /* Preview Assets.xcassets in Resources */ = {isa = PBXBuildFile; fileRef = 799E4D0C2BCC91E6008FAC7A /* Preview Assets.xcassets */; };
		799E4D152BCC927C008FAC7A /* LaunchScreen.swift in Sources */ = {isa = PBXBuildFile; fileRef = 799E4D142BCC927C008FAC7A /* LaunchScreen.swift */; };
		799E4D172BCC92AA008FAC7A /* UserAuthScreen.swift in Sources */ = {isa = PBXBuildFile; fileRef = 799E4D162BCC92AA008FAC7A /* UserAuthScreen.swift */; };
		799E4D192BCC92FB008FAC7A /* APIManager.swift in Sources */ = {isa = PBXBuildFile; fileRef = 799E4D182BCC92FB008FAC7A /* APIManager.swift */; };
		799E4D1B2BCC975F008FAC7A /* LibraryScreen.swift in Sources */ = {isa = PBXBuildFile; fileRef = 799E4D1A2BCC975F008FAC7A /* LibraryScreen.swift */; };
		799E4D1D2BCC9E32008FAC7A /* BookComponent.swift in Sources */ = {isa = PBXBuildFile; fileRef = 799E4D1C2BCC9E32008FAC7A /* BookComponent.swift */; };
		799E4D1F2BCCB5B3008FAC7A /* BookmarkScreen.swift in Sources */ = {isa = PBXBuildFile; fileRef = 799E4D1E2BCCB5B3008FAC7A /* BookmarkScreen.swift */; };
		799E4D212BCCD5F9008FAC7A /* UserAuthViewModel.swift in Sources */ = {isa = PBXBuildFile; fileRef = 799E4D202BCCD5F9008FAC7A /* UserAuthViewModel.swift */; };
		799E4D2E2BCCDF22008FAC7A /* ImageCache.swift in Sources */ = {isa = PBXBuildFile; fileRef = 799E4D2D2BCCDF22008FAC7A /* ImageCache.swift */; };
		799E4D372BCCF272008FAC7A /* SearchBar.swift in Sources */ = {isa = PBXBuildFile; fileRef = 799E4D362BCCF272008FAC7A /* SearchBar.swift */; };
/* End PBXBuildFile section */

/* Begin PBXFileReference section */
		799E4D002BCC91E5008FAC7A /* Medbook.app */ = {isa = PBXFileReference; explicitFileType = wrapper.application; includeInIndex = 0; path = Medbook.app; sourceTree = BUILT_PRODUCTS_DIR; };
		799E4D032BCC91E5008FAC7A /* MedbookApp.swift */ = {isa = PBXFileReference; lastKnownFileType = sourcecode.swift; path = MedbookApp.swift; sourceTree = "<group>"; };
		799E4D052BCC91E5008FAC7A /* ContentView.swift */ = {isa = PBXFileReference; lastKnownFileType = sourcecode.swift; path = ContentView.swift; sourceTree = "<group>"; };
		799E4D072BCC91E5008FAC7A /* DataModels.swift */ = {isa = PBXFileReference; lastKnownFileType = sourcecode.swift; path = DataModels.swift; sourceTree = "<group>"; };
		799E4D092BCC91E6008FAC7A /* Assets.xcassets */ = {isa = PBXFileReference; lastKnownFileType = folder.assetcatalog; path = Assets.xcassets; sourceTree = "<group>"; };
		799E4D0C2BCC91E6008FAC7A /* Preview Assets.xcassets */ = {isa = PBXFileReference; lastKnownFileType = folder.assetcatalog; path = "Preview Assets.xcassets"; sourceTree = "<group>"; };
		799E4D142BCC927C008FAC7A /* LaunchScreen.swift */ = {isa = PBXFileReference; lastKnownFileType = sourcecode.swift; path = LaunchScreen.swift; sourceTree = "<group>"; };
		799E4D162BCC92AA008FAC7A /* UserAuthScreen.swift */ = {isa = PBXFileReference; lastKnownFileType = sourcecode.swift; path = UserAuthScreen.swift; sourceTree = "<group>"; };
		799E4D182BCC92FB008FAC7A /* APIManager.swift */ = {isa = PBXFileReference; lastKnownFileType = sourcecode.swift; path = APIManager.swift; sourceTree = "<group>"; };
		799E4D1A2BCC975F008FAC7A /* LibraryScreen.swift */ = {isa = PBXFileReference; lastKnownFileType = sourcecode.swift; path = LibraryScreen.swift; sourceTree = "<group>"; };
		799E4D1C2BCC9E32008FAC7A /* BookComponent.swift */ = {isa = PBXFileReference; lastKnownFileType = sourcecode.swift; path = BookComponent.swift; sourceTree = "<group>"; };
		799E4D1E2BCCB5B3008FAC7A /* BookmarkScreen.swift */ = {isa = PBXFileReference; lastKnownFileType = sourcecode.swift; path = BookmarkScreen.swift; sourceTree = "<group>"; };
		799E4D202BCCD5F9008FAC7A /* UserAuthViewModel.swift */ = {isa = PBXFileReference; lastKnownFileType = sourcecode.swift; path = UserAuthViewModel.swift; sourceTree = "<group>"; };
		799E4D2D2BCCDF22008FAC7A /* ImageCache.swift */ = {isa = PBXFileReference; lastKnownFileType = sourcecode.swift; path = ImageCache.swift; sourceTree = "<group>"; };
		799E4D332BCCE7E3008FAC7A /* Info.plist */ = {isa = PBXFileReference; lastKnownFileType = text.plist; path = Info.plist; sourceTree = "<group>"; };
		799E4D362BCCF272008FAC7A /* SearchBar.swift */ = {isa = PBXFileReference; lastKnownFileType = sourcecode.swift; path = SearchBar.swift; sourceTree = "<group>"; };
		799E4D382BCCF364008FAC7A /* PrivacyInfo.xcprivacy */ = {isa = PBXFileReference; lastKnownFileType = text.xml; path = PrivacyInfo.xcprivacy; sourceTree = "<group>"; };
/* End PBXFileReference section */

/* Begin PBXFrameworksBuildPhase section */
		799E4CFD2BCC91E5008FAC7A /* Frameworks */ = {
			isa = PBXFrameworksBuildPhase;
			buildActionMask = 2147483647;
			files = (
			);
			runOnlyForDeploymentPostprocessing = 0;
		};
/* End PBXFrameworksBuildPhase section */

/* Begin PBXGroup section */
		799E4CF72BCC91E5008FAC7A = {
			isa = PBXGroup;
			children = (
				799E4D022BCC91E5008FAC7A /* Medbook */,
				799E4D012BCC91E5008FAC7A /* Products */,
			);
			sourceTree = "<group>";
		};
		799E4D012BCC91E5008FAC7A /* Products */ = {
			isa = PBXGroup;
			children = (
				799E4D002BCC91E5008FAC7A /* Medbook.app */,
			);
			name = Products;
			sourceTree = "<group>";
		};
		799E4D022BCC91E5008FAC7A /* Medbook */ = {
			isa = PBXGroup;
			children = (
				799E4D332BCCE7E3008FAC7A /* Info.plist */,
				799E4D382BCCF364008FAC7A /* PrivacyInfo.xcprivacy */,
				799E4D032BCC91E5008FAC7A /* MedbookApp.swift */,
				799E4D052BCC91E5008FAC7A /* ContentView.swift */,
				799E4D132BCC926F008FAC7A /* Screens */,
				799E4D2C2BCCDEC0008FAC7A /* Models */,
				799E4D2B2BCCDE92008FAC7A /* UIComponents */,
				799E4D2A2BCCDE77008FAC7A /* Helpers */,
				799E4D0B2BCC91E6008FAC7A /* Preview Content */,
				799E4D092BCC91E6008FAC7A /* Assets.xcassets */,
			);
			path = Medbook;
			sourceTree = "<group>";
		};
		799E4D0B2BCC91E6008FAC7A /* Preview Content */ = {
			isa = PBXGroup;
			children = (
				799E4D0C2BCC91E6008FAC7A /* Preview Assets.xcassets */,
			);
			path = "Preview Content";
			sourceTree = "<group>";
		};
		799E4D132BCC926F008FAC7A /* Screens */ = {
			isa = PBXGroup;
			children = (
				799E4D342BCCF18B008FAC7A /* LaunchScreen */,
				799E4D222BCCD60D008FAC7A /* UserAuth */,
				799E4D282BCCDA7E008FAC7A /* LibraryScreen */,
				799E4D352BCCF199008FAC7A /* BookmarkScreen */,
			);
			path = Screens;
			sourceTree = "<group>";
		};
		799E4D222BCCD60D008FAC7A /* UserAuth */ = {
			isa = PBXGroup;
			children = (
				799E4D162BCC92AA008FAC7A /* UserAuthScreen.swift */,
				799E4D202BCCD5F9008FAC7A /* UserAuthViewModel.swift */,
			);
			path = UserAuth;
			sourceTree = "<group>";
		};
		799E4D282BCCDA7E008FAC7A /* LibraryScreen */ = {
			isa = PBXGroup;
			children = (
				799E4D1A2BCC975F008FAC7A /* LibraryScreen.swift */,
			);
			path = LibraryScreen;
			sourceTree = "<group>";
		};
		799E4D2A2BCCDE77008FAC7A /* Helpers */ = {
			isa = PBXGroup;
			children = (
				799E4D182BCC92FB008FAC7A /* APIManager.swift */,
				799E4D2D2BCCDF22008FAC7A /* ImageCache.swift */,
			);
			path = Helpers;
			sourceTree = "<group>";
		};
		799E4D2B2BCCDE92008FAC7A /* UIComponents */ = {
			isa = PBXGroup;
			children = (
				799E4D1C2BCC9E32008FAC7A /* BookComponent.swift */,
				799E4D362BCCF272008FAC7A /* SearchBar.swift */,
			);
			path = UIComponents;
			sourceTree = "<group>";
		};
		799E4D2C2BCCDEC0008FAC7A /* Models */ = {
			isa = PBXGroup;
			children = (
				799E4D072BCC91E5008FAC7A /* DataModels.swift */,
			);
			path = Models;
			sourceTree = "<group>";
		};
		799E4D342BCCF18B008FAC7A /* LaunchScreen */ = {
			isa = PBXGroup;
			children = (
				799E4D142BCC927C008FAC7A /* LaunchScreen.swift */,
			);
			path = LaunchScreen;
			sourceTree = "<group>";
		};
		799E4D352BCCF199008FAC7A /* BookmarkScreen */ = {
			isa = PBXGroup;
			children = (
				799E4D1E2BCCB5B3008FAC7A /* BookmarkScreen.swift */,
			);
			path = BookmarkScreen;
			sourceTree = "<group>";
		};
/* End PBXGroup section */

/* Begin PBXNativeTarget section */
		799E4CFF2BCC91E5008FAC7A /* Medbook */ = {
			isa = PBXNativeTarget;
			buildConfigurationList = 799E4D102BCC91E6008FAC7A /* Build configuration list for PBXNativeTarget "Medbook" */;
			buildPhases = (
				799E4CFC2BCC91E5008FAC7A /* Sources */,
				799E4CFD2BCC91E5008FAC7A /* Frameworks */,
				799E4CFE2BCC91E5008FAC7A /* Resources */,
			);
			buildRules = (
			);
			dependencies = (
			);
			name = Medbook;
			productName = Medbook;
			productReference = 799E4D002BCC91E5008FAC7A /* Medbook.app */;
			productType = "com.apple.product-type.application";
		};
/* End PBXNativeTarget section */

/* Begin PBXProject section */
		799E4CF82BCC91E5008FAC7A /* Project object */ = {
			isa = PBXProject;
			attributes = {
				BuildIndependentTargetsInParallel = 1;
				LastSwiftUpdateCheck = 1530;
				LastUpgradeCheck = 1530;
				TargetAttributes = {
					799E4CFF2BCC91E5008FAC7A = {
						CreatedOnToolsVersion = 15.3;
					};
				};
			};
			buildConfigurationList = 799E4CFB2BCC91E5008FAC7A /* Build configuration list for PBXProject "Medbook" */;
			compatibilityVersion = "Xcode 14.0";
			developmentRegion = en;
			hasScannedForEncodings = 0;
			knownRegions = (
				en,
				Base,
			);
			mainGroup = 799E4CF72BCC91E5008FAC7A;
			productRefGroup = 799E4D012BCC91E5008FAC7A /* Products */;
			projectDirPath = "";
			projectRoot = "";
			targets = (
				799E4CFF2BCC91E5008FAC7A /* Medbook */,
			);
		};
/* End PBXProject section */

/* Begin PBXResourcesBuildPhase section */
		799E4CFE2BCC91E5008FAC7A /* Resources */ = {
			isa = PBXResourcesBuildPhase;
			buildActionMask = 2147483647;
			files = (
				799E4D0D2BCC91E6008FAC7A /* Preview Assets.xcassets in Resources */,
				799E4D0A2BCC91E6008FAC7A /* Assets.xcassets in Resources */,
			);
			runOnlyForDeploymentPostprocessing = 0;
		};
/* End PBXResourcesBuildPhase section */

/* Begin PBXSourcesBuildPhase section */
		799E4CFC2BCC91E5008FAC7A /* Sources */ = {
			isa = PBXSourcesBuildPhase;
			buildActionMask = 2147483647;
			files = (
				799E4D192BCC92FB008FAC7A /* APIManager.swift in Sources */,
				799E4D372BCCF272008FAC7A /* SearchBar.swift in Sources */,
				799E4D1B2BCC975F008FAC7A /* LibraryScreen.swift in Sources */,
				799E4D1F2BCCB5B3008FAC7A /* BookmarkScreen.swift in Sources */,
				799E4D152BCC927C008FAC7A /* LaunchScreen.swift in Sources */,
				799E4D062BCC91E5008FAC7A /* ContentView.swift in Sources */,
				799E4D2E2BCCDF22008FAC7A /* ImageCache.swift in Sources */,
				799E4D212BCCD5F9008FAC7A /* UserAuthViewModel.swift in Sources */,
				799E4D1D2BCC9E32008FAC7A /* BookComponent.swift in Sources */,
				799E4D172BCC92AA008FAC7A /* UserAuthScreen.swift in Sources */,
				799E4D082BCC91E5008FAC7A /* DataModels.swift in Sources */,
				799E4D042BCC91E5008FAC7A /* MedbookApp.swift in Sources */,
			);
			runOnlyForDeploymentPostprocessing = 0;
		};
/* End PBXSourcesBuildPhase section */

/* Begin XCBuildConfiguration section */
		799E4D0E2BCC91E6008FAC7A /* Debug */ = {
			isa = XCBuildConfiguration;
			buildSettings = {
				ALWAYS_SEARCH_USER_PATHS = NO;
				ASSETCATALOG_COMPILER_GENERATE_SWIFT_ASSET_SYMBOL_EXTENSIONS = YES;
				CLANG_ANALYZER_NONNULL = YES;
				CLANG_ANALYZER_NUMBER_OBJECT_CONVERSION = YES_AGGRESSIVE;
				CLANG_CXX_LANGUAGE_STANDARD = "gnu++20";
				CLANG_ENABLE_MODULES = YES;
				CLANG_ENABLE_OBJC_ARC = YES;
				CLANG_ENABLE_OBJC_WEAK = YES;
				CLANG_WARN_BLOCK_CAPTURE_AUTORELEASING = YES;
				CLANG_WARN_BOOL_CONVERSION = YES;
				CLANG_WARN_COMMA = YES;
				CLANG_WARN_CONSTANT_CONVERSION = YES;
				CLANG_WARN_DEPRECATED_OBJC_IMPLEMENTATIONS = YES;
				CLANG_WARN_DIRECT_OBJC_ISA_USAGE = YES_ERROR;
				CLANG_WARN_DOCUMENTATION_COMMENTS = YES;
				CLANG_WARN_EMPTY_BODY = YES;
				CLANG_WARN_ENUM_CONVERSION = YES;
				CLANG_WARN_INFINITE_RECURSION = YES;
				CLANG_WARN_INT_CONVERSION = YES;
				CLANG_WARN_NON_LITERAL_NULL_CONVERSION = YES;
				CLANG_WARN_OBJC_IMPLICIT_RETAIN_SELF = YES;
				CLANG_WARN_OBJC_LITERAL_CONVERSION = YES;
				CLANG_WARN_OBJC_ROOT_CLASS = YES_ERROR;
				CLANG_WARN_QUOTED_INCLUDE_IN_FRAMEWORK_HEADER = YES;
				CLANG_WARN_RANGE_LOOP_ANALYSIS = YES;
				CLANG_WARN_STRICT_PROTOTYPES = YES;
				CLANG_WARN_SUSPICIOUS_MOVE = YES;
				CLANG_WARN_UNGUARDED_AVAILABILITY = YES_AGGRESSIVE;
				CLANG_WARN_UNREACHABLE_CODE = YES;
				CLANG_WARN__DUPLICATE_METHOD_MATCH = YES;
				COPY_PHASE_STRIP = NO;
				DEBUG_INFORMATION_FORMAT = dwarf;
				ENABLE_STRICT_OBJC_MSGSEND = YES;
				ENABLE_TESTABILITY = YES;
				ENABLE_USER_SCRIPT_SANDBOXING = YES;
				GCC_C_LANGUAGE_STANDARD = gnu17;
				GCC_DYNAMIC_NO_PIC = NO;
				GCC_NO_COMMON_BLOCKS = YES;
				GCC_OPTIMIZATION_LEVEL = 0;
				GCC_PREPROCESSOR_DEFINITIONS = (
					"DEBUG=1",
					"$(inherited)",
				);
				GCC_WARN_64_TO_32_BIT_CONVERSION = YES;
				GCC_WARN_ABOUT_RETURN_TYPE = YES_ERROR;
				GCC_WARN_UNDECLARED_SELECTOR = YES;
				GCC_WARN_UNINITIALIZED_AUTOS = YES_AGGRESSIVE;
				GCC_WARN_UNUSED_FUNCTION = YES;
				GCC_WARN_UNUSED_VARIABLE = YES;
				IPHONEOS_DEPLOYMENT_TARGET = 17.4;
				LOCALIZATION_PREFERS_STRING_CATALOGS = YES;
				MTL_ENABLE_DEBUG_INFO = INCLUDE_SOURCE;
				MTL_FAST_MATH = YES;
				ONLY_ACTIVE_ARCH = YES;
				SDKROOT = iphoneos;
				SWIFT_ACTIVE_COMPILATION_CONDITIONS = "DEBUG $(inherited)";
				SWIFT_OPTIMIZATION_LEVEL = "-Onone";
			};
			name = Debug;
		};
		799E4D0F2BCC91E6008FAC7A /* Release */ = {
			isa = XCBuildConfiguration;
			buildSettings = {
				ALWAYS_SEARCH_USER_PATHS = NO;
				ASSETCATALOG_COMPILER_GENERATE_SWIFT_ASSET_SYMBOL_EXTENSIONS = YES;
				CLANG_ANALYZER_NONNULL = YES;
				CLANG_ANALYZER_NUMBER_OBJECT_CONVERSION = YES_AGGRESSIVE;
				CLANG_CXX_LANGUAGE_STANDARD = "gnu++20";
				CLANG_ENABLE_MODULES = YES;
				CLANG_ENABLE_OBJC_ARC = YES;
				CLANG_ENABLE_OBJC_WEAK = YES;
				CLANG_WARN_BLOCK_CAPTURE_AUTORELEASING = YES;
				CLANG_WARN_BOOL_CONVERSION = YES;
				CLANG_WARN_COMMA = YES;
				CLANG_WARN_CONSTANT_CONVERSION = YES;
				CLANG_WARN_DEPRECATED_OBJC_IMPLEMENTATIONS = YES;
				CLANG_WARN_DIRECT_OBJC_ISA_USAGE = YES_ERROR;
				CLANG_WARN_DOCUMENTATION_COMMENTS = YES;
				CLANG_WARN_EMPTY_BODY = YES;
				CLANG_WARN_ENUM_CONVERSION = YES;
				CLANG_WARN_INFINITE_RECURSION = YES;
				CLANG_WARN_INT_CONVERSION = YES;
				CLANG_WARN_NON_LITERAL_NULL_CONVERSION = YES;
				CLANG_WARN_OBJC_IMPLICIT_RETAIN_SELF = YES;
				CLANG_WARN_OBJC_LITERAL_CONVERSION = YES;
				CLANG_WARN_OBJC_ROOT_CLASS = YES_ERROR;
				CLANG_WARN_QUOTED_INCLUDE_IN_FRAMEWORK_HEADER = YES;
				CLANG_WARN_RANGE_LOOP_ANALYSIS = YES;
				CLANG_WARN_STRICT_PROTOTYPES = YES;
				CLANG_WARN_SUSPICIOUS_MOVE = YES;
				CLANG_WARN_UNGUARDED_AVAILABILITY = YES_AGGRESSIVE;
				CLANG_WARN_UNREACHABLE_CODE = YES;
				CLANG_WARN__DUPLICATE_METHOD_MATCH = YES;
				COPY_PHASE_STRIP = NO;
				DEBUG_INFORMATION_FORMAT = "dwarf-with-dsym";
				ENABLE_NS_ASSERTIONS = NO;
				ENABLE_STRICT_OBJC_MSGSEND = YES;
				ENABLE_USER_SCRIPT_SANDBOXING = YES;
				GCC_C_LANGUAGE_STANDARD = gnu17;
				GCC_NO_COMMON_BLOCKS = YES;
				GCC_WARN_64_TO_32_BIT_CONVERSION = YES;
				GCC_WARN_ABOUT_RETURN_TYPE = YES_ERROR;
				GCC_WARN_UNDECLARED_SELECTOR = YES;
				GCC_WARN_UNINITIALIZED_AUTOS = YES_AGGRESSIVE;
				GCC_WARN_UNUSED_FUNCTION = YES;
				GCC_WARN_UNUSED_VARIABLE = YES;
				IPHONEOS_DEPLOYMENT_TARGET = 17.4;
				LOCALIZATION_PREFERS_STRING_CATALOGS = YES;
				MTL_ENABLE_DEBUG_INFO = NO;
				MTL_FAST_MATH = YES;
				SDKROOT = iphoneos;
				SWIFT_COMPILATION_MODE = wholemodule;
				VALIDATE_PRODUCT = YES;
			};
			name = Release;
		};
		799E4D112BCC91E6008FAC7A /* Debug */ = {
			isa = XCBuildConfiguration;
			buildSettings = {
				ASSETCATALOG_COMPILER_APPICON_NAME = AppIcon;
				ASSETCATALOG_COMPILER_GLOBAL_ACCENT_COLOR_NAME = AccentColor;
				CODE_SIGN_STYLE = Automatic;
				CURRENT_PROJECT_VERSION = 1;
				DEVELOPMENT_ASSET_PATHS = "\"Medbook/Preview Content\"";
				ENABLE_PREVIEWS = YES;
				GENERATE_INFOPLIST_FILE = YES;
				INFOPLIST_FILE = Medbook/Info.plist;
				INFOPLIST_KEY_UIApplicationSceneManifest_Generation = YES;
				INFOPLIST_KEY_UIApplicationSupportsIndirectInputEvents = YES;
				INFOPLIST_KEY_UILaunchScreen_Generation = YES;
				INFOPLIST_KEY_UISupportedInterfaceOrientations_iPad = "UIInterfaceOrientationPortrait UIInterfaceOrientationPortraitUpsideDown UIInterfaceOrientationLandscapeLeft UIInterfaceOrientationLandscapeRight";
				INFOPLIST_KEY_UISupportedInterfaceOrientations_iPhone = "UIInterfaceOrientationPortrait UIInterfaceOrientationLandscapeLeft UIInterfaceOrientationLandscapeRight";
				LD_RUNPATH_SEARCH_PATHS = (
					"$(inherited)",
					"@executable_path/Frameworks",
				);
				MARKETING_VERSION = 1.0;
				PRODUCT_BUNDLE_IDENTIFIER = com.Medbook;
				PRODUCT_NAME = "$(TARGET_NAME)";
				SWIFT_EMIT_LOC_STRINGS = YES;
				SWIFT_VERSION = 5.0;
				TARGETED_DEVICE_FAMILY = "1,2";
			};
			name = Debug;
		};
		799E4D122BCC91E6008FAC7A /* Release */ = {
			isa = XCBuildConfiguration;
			buildSettings = {
				ASSETCATALOG_COMPILER_APPICON_NAME = AppIcon;
				ASSETCATALOG_COMPILER_GLOBAL_ACCENT_COLOR_NAME = AccentColor;
				CODE_SIGN_STYLE = Automatic;
				CURRENT_PROJECT_VERSION = 1;
				DEVELOPMENT_ASSET_PATHS = "\"Medbook/Preview Content\"";
				ENABLE_PREVIEWS = YES;
				GENERATE_INFOPLIST_FILE = YES;
				INFOPLIST_FILE = Medbook/Info.plist;
				INFOPLIST_KEY_UIApplicationSceneManifest_Generation = YES;
				INFOPLIST_KEY_UIApplicationSupportsIndirectInputEvents = YES;
				INFOPLIST_KEY_UILaunchScreen_Generation = YES;
				INFOPLIST_KEY_UISupportedInterfaceOrientations_iPad = "UIInterfaceOrientationPortrait UIInterfaceOrientationPortraitUpsideDown UIInterfaceOrientationLandscapeLeft UIInterfaceOrientationLandscapeRight";
				INFOPLIST_KEY_UISupportedInterfaceOrientations_iPhone = "UIInterfaceOrientationPortrait UIInterfaceOrientationLandscapeLeft UIInterfaceOrientationLandscapeRight";
				LD_RUNPATH_SEARCH_PATHS = (
					"$(inherited)",
					"@executable_path/Frameworks",
				);
				MARKETING_VERSION = 1.0;
				PRODUCT_BUNDLE_IDENTIFIER = com.Medbook;
				PRODUCT_NAME = "$(TARGET_NAME)";
				SWIFT_EMIT_LOC_STRINGS = YES;
				SWIFT_VERSION = 5.0;
				TARGETED_DEVICE_FAMILY = "1,2";
			};
			name = Release;
		};
/* End XCBuildConfiguration section */

/* Begin XCConfigurationList section */
		799E4CFB2BCC91E5008FAC7A /* Build configuration list for PBXProject "Medbook" */ = {
			isa = XCConfigurationList;
			buildConfigurations = (
				799E4D0E2BCC91E6008FAC7A /* Debug */,
				799E4D0F2BCC91E6008FAC7A /* Release */,
			);
			defaultConfigurationIsVisible = 0;
			defaultConfigurationName = Release;
		};
		799E4D102BCC91E6008FAC7A /* Build configuration list for PBXNativeTarget "Medbook" */ = {
			isa = XCConfigurationList;
			buildConfigurations = (
				799E4D112BCC91E6008FAC7A /* Debug */,
				799E4D122BCC91E6008FAC7A /* Release */,
			);
			defaultConfigurationIsVisible = 0;
			defaultConfigurationName = Release;
		};
/* End XCConfigurationList section */
	};
	rootObject = 799E4CF82BCC91E5008FAC7A /* Project object */;
}
